
Microsoft Visual Studio Solution File, Format Version 12.00
# Visual Studio 15
VisualStudioVersion = 15.0.28307.572
MinimumVisualStudioVersion = 10.0.40219.1
Project("{FAE04EC0-301F-11D3-BF4B-00C04F79EFBC}") = "雪莉轻食", "雪莉轻食\雪莉轻食.csproj", "{AF727F69-6839-4097-8BBC-6551CF7F24E2}"
EndProject
Global
	GlobalSection(SolutionConfigurationPlatforms) = preSolution
		Debug|Any CPU = Debug|Any CPU
		Release|Any CPU = Release|Any CPU
	EndGlobalSection
	GlobalSection(ProjectConfigurationPlatforms) = postSolution
		{AF727F69-6839-4097-8BBC-6551CF7F24E2}.Debug|Any CPU.ActiveCfg = Debug|Any CPU
		{AF727F69-6839-4097-8BBC-6551CF7F24E2}.Debug|Any CPU.Build.0 = Debug|Any CPU
		{AF727F69-6839-4097-8BBC-6551CF7F24E2}.Release|Any CPU.ActiveCfg = Release|Any CPU
		{AF727F69-6839-4097-8BBC-6551CF7F24E2}.Release|Any CPU.Build.0 = Release|Any CPU
	EndGlobalSection
	GlobalSection(SolutionProperties) = preSolution
		HideSolutionNode = FALSE
	EndGlobalSection
	GlobalSection(ExtensibilityGlobals) = postSolution
		SolutionGuid = {C114646C-36D5-499A-95E7-AA699E0A9B06}
	EndGlobalSection
EndGlobal
